
Microsoft Visual Studio Solution File, Format Version 12.00
# Visual Studio Version 16
VisualStudioVersion = 16.0.32002.261
MinimumVisualStudioVersion = 10.0.40219.1
Project("{FAE04EC0-301F-11D3-BF4B-00C04F79EFBC}") = "Obs Otomasyonu", "Obs Otomasyonu\Obs Otomasyonu.csproj", "{65B8DE58-FA57-4FA9-B167-2D423EA8A20C}"
EndProject
Global
	GlobalSection(SolutionConfigurationPlatforms) = preSolution
		Debug|Any CPU = Debug|Any CPU
		Release|Any CPU = Release|Any CPU
	EndGlobalSection
	GlobalSection(ProjectConfigurationPlatforms) = postSolution
		{65B8DE58-FA57-4FA9-B167-2D423EA8A20C}.Debug|Any CPU.ActiveCfg = Debug|Any CPU
		{65B8DE58-FA57-4FA9-B167-2D423EA8A20C}.Debug|Any CPU.Build.0 = Debug|Any CPU
		{65B8DE58-FA57-4FA9-B167-2D423EA8A20C}.Release|Any CPU.ActiveCfg = Release|Any CPU
		{65B8DE58-FA57-4FA9-B167-2D423EA8A20C}.Release|Any CPU.Build.0 = Release|Any CPU
	EndGlobalSection
	GlobalSection(SolutionProperties) = preSolution
		HideSolutionNode = FALSE
	EndGlobalSection
	GlobalSection(ExtensibilityGlobals) = postSolution
		SolutionGuid = {492F1D5B-F367-48FE-A188-F1A993A0792A}
	EndGlobalSection
EndGlobal
